
Microsoft Visual Studio Solution File, Format Version 12.00
# Visual Studio Version 16
VisualStudioVersion = 16.0.31424.327
MinimumVisualStudioVersion = 10.0.40219.1
Project("{FAE04EC0-301F-11D3-BF4B-00C04F79EFBC}") = "Dualsystem", "Dualsystem\Dualsystem.csproj", "{D554E3DB-8B6B-41A2-8F57-5B16576678C7}"
EndProject
Global
	GlobalSection(SolutionConfigurationPlatforms) = preSolution
		Debug|Any CPU = Debug|Any CPU
		Release|Any CPU = Release|Any CPU
	EndGlobalSection
	GlobalSection(ProjectConfigurationPlatforms) = postSolution
		{D554E3DB-8B6B-41A2-8F57-5B16576678C7}.Debug|Any CPU.ActiveCfg = Debug|Any CPU
		{D554E3DB-8B6B-41A2-8F57-5B16576678C7}.Debug|Any CPU.Build.0 = Debug|Any CPU
		{D554E3DB-8B6B-41A2-8F57-5B16576678C7}.Release|Any CPU.ActiveCfg = Release|Any CPU
		{D554E3DB-8B6B-41A2-8F57-5B16576678C7}.Release|Any CPU.Build.0 = Release|Any CPU
	EndGlobalSection
	GlobalSection(SolutionProperties) = preSolution
		HideSolutionNode = FALSE
	EndGlobalSection
	GlobalSection(ExtensibilityGlobals) = postSolution
		SolutionGuid = {542B24F2-076C-418B-AC73-D9D94065B8EE}
	EndGlobalSection
EndGlobal
